
Microsoft Visual Studio Solution File, Format Version 12.00
# Visual Studio Version 16
VisualStudioVersion = 16.0.29519.87
MinimumVisualStudioVersion = 10.0.40219.1
Project("{FAE04EC0-301F-11D3-BF4B-00C04F79EFBC}") = "SadokhinaLab2", "SadokhinaLab2.csproj", "{1535B4A7-B738-431A-90B2-160C38ED8D87}"
EndProject
Global
	GlobalSection(SolutionConfigurationPlatforms) = preSolution
		Debug|Any CPU = Debug|Any CPU
		Release|Any CPU = Release|Any CPU
	EndGlobalSection
	GlobalSection(ProjectConfigurationPlatforms) = postSolution
		{1535B4A7-B738-431A-90B2-160C38ED8D87}.Debug|Any CPU.ActiveCfg = Debug|Any CPU
		{1535B4A7-B738-431A-90B2-160C38ED8D87}.Debug|Any CPU.Build.0 = Debug|Any CPU
		{1535B4A7-B738-431A-90B2-160C38ED8D87}.Release|Any CPU.ActiveCfg = Release|Any CPU
		{1535B4A7-B738-431A-90B2-160C38ED8D87}.Release|Any CPU.Build.0 = Release|Any CPU
	EndGlobalSection
	GlobalSection(SolutionProperties) = preSolution
		HideSolutionNode = FALSE
	EndGlobalSection
	GlobalSection(ExtensibilityGlobals) = postSolution
		SolutionGuid = {78B63BE2-10F6-418A-B45F-6DF00A15C038}
	EndGlobalSection
EndGlobal
